
Microsoft Visual Studio Solution File, Format Version 12.00
# Visual Studio Version 17
VisualStudioVersion = 17.7.34031.279
MinimumVisualStudioVersion = 10.0.40219.1
Project("{9A19103F-16F7-4668-BE54-9A1E7A4F7556}") = "Proyecto_inventario", "Proyecto_inventario.csproj", "{9985FE0C-4ACE-4ED4-BB40-47238A45120C}"
EndProject
Project("{9A19103F-16F7-4668-BE54-9A1E7A4F7556}") = "Capa_Datos", "Capa_Datos\Capa_Datos.csproj", "{E9E23EFD-36D6-47D9-B91A-3C7B913EA1B9}"
EndProject
Project("{FAE04EC0-301F-11D3-BF4B-00C04F79EFBC}") = "Capa_Objetos", "Capa_Objetos\Capa_Objetos.csproj", "{FCD58310-866A-4A1C-8B8C-7AB4AF68AB61}"
EndProject
Project("{FAE04EC0-301F-11D3-BF4B-00C04F79EFBC}") = "Capa_Negocios", "Capa_Negocios\Capa_Negocios.csproj", "{221DD9CD-2A39-4767-B951-2B95312D669B}"
EndProject
Global
	GlobalSection(SolutionConfigurationPlatforms) = preSolution
		Debug|Any CPU = Debug|Any CPU
		Release|Any CPU = Release|Any CPU
	EndGlobalSection
	GlobalSection(ProjectConfigurationPlatforms) = postSolution
		{9985FE0C-4ACE-4ED4-BB40-47238A45120C}.Debug|Any CPU.ActiveCfg = Debug|Any CPU
		{9985FE0C-4ACE-4ED4-BB40-47238A45120C}.Debug|Any CPU.Build.0 = Debug|Any CPU
		{9985FE0C-4ACE-4ED4-BB40-47238A45120C}.Release|Any CPU.ActiveCfg = Release|Any CPU
		{9985FE0C-4ACE-4ED4-BB40-47238A45120C}.Release|Any CPU.Build.0 = Release|Any CPU
		{E9E23EFD-36D6-47D9-B91A-3C7B913EA1B9}.Debug|Any CPU.ActiveCfg = Debug|Any CPU
		{E9E23EFD-36D6-47D9-B91A-3C7B913EA1B9}.Debug|Any CPU.Build.0 = Debug|Any CPU
		{E9E23EFD-36D6-47D9-B91A-3C7B913EA1B9}.Release|Any CPU.ActiveCfg = Release|Any CPU
		{E9E23EFD-36D6-47D9-B91A-3C7B913EA1B9}.Release|Any CPU.Build.0 = Release|Any CPU
		{FCD58310-866A-4A1C-8B8C-7AB4AF68AB61}.Debug|Any CPU.ActiveCfg = Debug|Any CPU
		{FCD58310-866A-4A1C-8B8C-7AB4AF68AB61}.Debug|Any CPU.Build.0 = Debug|Any CPU
		{FCD58310-866A-4A1C-8B8C-7AB4AF68AB61}.Release|Any CPU.ActiveCfg = Release|Any CPU
		{FCD58310-866A-4A1C-8B8C-7AB4AF68AB61}.Release|Any CPU.Build.0 = Release|Any CPU
		{221DD9CD-2A39-4767-B951-2B95312D669B}.Debug|Any CPU.ActiveCfg = Debug|Any CPU
		{221DD9CD-2A39-4767-B951-2B95312D669B}.Debug|Any CPU.Build.0 = Debug|Any CPU
		{221DD9CD-2A39-4767-B951-2B95312D669B}.Release|Any CPU.ActiveCfg = Release|Any CPU
		{221DD9CD-2A39-4767-B951-2B95312D669B}.Release|Any CPU.Build.0 = Release|Any CPU
	EndGlobalSection
	GlobalSection(SolutionProperties) = preSolution
		HideSolutionNode = FALSE
	EndGlobalSection
	GlobalSection(ExtensibilityGlobals) = postSolution
		SolutionGuid = {87ED05F7-506E-4DF2-8808-2E13F99F74E8}
	EndGlobalSection
EndGlobal
